
Microsoft Visual Studio Solution File, Format Version 12.00
# Visual Studio Version 17
VisualStudioVersion = 17.14.36414.22
MinimumVisualStudioVersion = 10.0.40219.1
Project("{FAE04EC0-301F-11D3-BF4B-00C04F79EFBC}") = "ExampleSales", "ReqnrollProject1\ExampleSales.csproj", "{92D464AF-BD6F-474B-A2DE-B2C3A79DC1F6}"
EndProject
Project("{FAE04EC0-301F-11D3-BF4B-00C04F79EFBC}") = "ExampleLogin", "TestProject1\ExampleLogin.csproj", "{44F3D6A4-1EE7-4992-8927-E180C0D0136E}"
EndProject
Project("{FAE04EC0-301F-11D3-BF4B-00C04F79EFBC}") = "VentaSinPOM", "VentaSinPOM\VentaSinPOM.csproj", "{D54F13B3-BE3E-4103-90E6-4FA72E39EF14}"
EndProject
Global
	GlobalSection(SolutionConfigurationPlatforms) = preSolution
		Debug|Any CPU = Debug|Any CPU
		Release|Any CPU = Release|Any CPU
	EndGlobalSection
	GlobalSection(ProjectConfigurationPlatforms) = postSolution
		{92D464AF-BD6F-474B-A2DE-B2C3A79DC1F6}.Debug|Any CPU.ActiveCfg = Debug|Any CPU
		{92D464AF-BD6F-474B-A2DE-B2C3A79DC1F6}.Debug|Any CPU.Build.0 = Debug|Any CPU
		{92D464AF-BD6F-474B-A2DE-B2C3A79DC1F6}.Release|Any CPU.ActiveCfg = Release|Any CPU
		{92D464AF-BD6F-474B-A2DE-B2C3A79DC1F6}.Release|Any CPU.Build.0 = Release|Any CPU
		{44F3D6A4-1EE7-4992-8927-E180C0D0136E}.Debug|Any CPU.ActiveCfg = Debug|Any CPU
		{44F3D6A4-1EE7-4992-8927-E180C0D0136E}.Debug|Any CPU.Build.0 = Debug|Any CPU
		{44F3D6A4-1EE7-4992-8927-E180C0D0136E}.Release|Any CPU.ActiveCfg = Release|Any CPU
		{44F3D6A4-1EE7-4992-8927-E180C0D0136E}.Release|Any CPU.Build.0 = Release|Any CPU
		{D54F13B3-BE3E-4103-90E6-4FA72E39EF14}.Debug|Any CPU.ActiveCfg = Debug|Any CPU
		{D54F13B3-BE3E-4103-90E6-4FA72E39EF14}.Debug|Any CPU.Build.0 = Debug|Any CPU
		{D54F13B3-BE3E-4103-90E6-4FA72E39EF14}.Release|Any CPU.ActiveCfg = Release|Any CPU
		{D54F13B3-BE3E-4103-90E6-4FA72E39EF14}.Release|Any CPU.Build.0 = Release|Any CPU
	EndGlobalSection
	GlobalSection(SolutionProperties) = preSolution
		HideSolutionNode = FALSE
	EndGlobalSection
	GlobalSection(ExtensibilityGlobals) = postSolution
		SolutionGuid = {BD5F5874-9FB3-46FA-9459-0958EC3A88E5}
	EndGlobalSection
EndGlobal
